
Microsoft Visual Studio Solution File, Format Version 12.00
# Visual Studio 2013
VisualStudioVersion = 12.0.21005.1
MinimumVisualStudioVersion = 10.0.40219.1
Project("{FAE04EC0-301F-11D3-BF4B-00C04F79EFBC}") = "minimum spanning tree using prim", "minimum spanning tree using prim\minimum spanning tree using prim.csproj", "{E34B40A8-EF7D-492D-B1F7-9EE4A6214932}"
EndProject
Global
	GlobalSection(SolutionConfigurationPlatforms) = preSolution
		Debug|Any CPU = Debug|Any CPU
		Release|Any CPU = Release|Any CPU
	EndGlobalSection
	GlobalSection(ProjectConfigurationPlatforms) = postSolution
		{E34B40A8-EF7D-492D-B1F7-9EE4A6214932}.Debug|Any CPU.ActiveCfg = Debug|Any CPU
		{E34B40A8-EF7D-492D-B1F7-9EE4A6214932}.Debug|Any CPU.Build.0 = Debug|Any CPU
		{E34B40A8-EF7D-492D-B1F7-9EE4A6214932}.Release|Any CPU.ActiveCfg = Release|Any CPU
		{E34B40A8-EF7D-492D-B1F7-9EE4A6214932}.Release|Any CPU.Build.0 = Release|Any CPU
	EndGlobalSection
	GlobalSection(SolutionProperties) = preSolution
		HideSolutionNode = FALSE
	EndGlobalSection
EndGlobal
